# THIS IS AN AUTOGENERATED FILE. DO NOT EDIT THIS FILE DIRECTLY.
# yarn lockfile v1


luxon@^1.5.0:
  version "1.5.0"
  resolved "https://registry.yarnpkg.com/luxon/-/luxon-1.5.0.tgz#bbb20bc4d3a97f44798e2f0fe13bf5fc2b8784ab"

typescript@^3.1.5:
  version "3.1.5"
  resolved "https://registry.yarnpkg.com/typescript/-/typescript-3.1.5.tgz#93d8b6864375325a91177372cb370ae0ae3a0703"
